
Microsoft Visual Studio Solution File, Format Version 12.00
# Visual Studio Version 16
VisualStudioVersion = 16.0.31410.357
MinimumVisualStudioVersion = 10.0.40219.1
Project("{FAE04EC0-301F-11D3-BF4B-00C04F79EFBC}") = "API", "API\API.csproj", "{9E6B6E27-C285-4D7D-9941-EF12B6716085}"
EndProject
Project("{FAE04EC0-301F-11D3-BF4B-00C04F79EFBC}") = "Domain", "Domain\Domain.csproj", "{880A6683-0D12-4A2B-A567-C9EC53AEE913}"
EndProject
Global
	GlobalSection(SolutionConfigurationPlatforms) = preSolution
		Debug|Any CPU = Debug|Any CPU
		Release|Any CPU = Release|Any CPU
	EndGlobalSection
	GlobalSection(ProjectConfigurationPlatforms) = postSolution
		{9E6B6E27-C285-4D7D-9941-EF12B6716085}.Debug|Any CPU.ActiveCfg = Debug|Any CPU
		{9E6B6E27-C285-4D7D-9941-EF12B6716085}.Debug|Any CPU.Build.0 = Debug|Any CPU
		{9E6B6E27-C285-4D7D-9941-EF12B6716085}.Release|Any CPU.ActiveCfg = Release|Any CPU
		{9E6B6E27-C285-4D7D-9941-EF12B6716085}.Release|Any CPU.Build.0 = Release|Any CPU
		{880A6683-0D12-4A2B-A567-C9EC53AEE913}.Debug|Any CPU.ActiveCfg = Debug|Any CPU
		{880A6683-0D12-4A2B-A567-C9EC53AEE913}.Debug|Any CPU.Build.0 = Debug|Any CPU
		{880A6683-0D12-4A2B-A567-C9EC53AEE913}.Release|Any CPU.ActiveCfg = Release|Any CPU
		{880A6683-0D12-4A2B-A567-C9EC53AEE913}.Release|Any CPU.Build.0 = Release|Any CPU
	EndGlobalSection
	GlobalSection(SolutionProperties) = preSolution
		HideSolutionNode = FALSE
	EndGlobalSection
	GlobalSection(ExtensibilityGlobals) = postSolution
		SolutionGuid = {50387166-3B58-4172-AF64-FF6863E9D281}
	EndGlobalSection
EndGlobal
